// !$*UTF8*$!
{
	archiveVersion = 1;
	classes = {
	};
	objectVersion = 46;
	objects = {

/* Begin PBXBuildFile section */
		64FF4FCE1A866CF500239C8A /* main.m in Sources */ = {isa = PBXBuildFile; fileRef = 64FF4FCD1A866CF500239C8A /* main.m */; };
		64FF4FD11A866CF500239C8A /* AppDelegate.m in Sources */ = {isa = PBXBuildFile; fileRef = 64FF4FD01A866CF500239C8A /* AppDelegate.m */; };
		64FF4FD41A866CF500239C8A /* ViewController.m in Sources */ = {isa = PBXBuildFile; fileRef = 64FF4FD31A866CF500239C8A /* ViewController.m */; };
		64FF4FD71A866CF500239C8A /* Main.storyboard in Resources */ = {isa = PBXBuildFile; fileRef = 64FF4FD51A866CF500239C8A /* Main.storyboard */; };
		64FF4FD91A866CF500239C8A /* Images.xcassets in Resources */ = {isa = PBXBuildFile; fileRef = 64FF4FD81A866CF500239C8A /* Images.xcassets */; };
		64FF4FDC1A866CF500239C8A /* LaunchScreen.xib in Resources */ = {isa = PBXBuildFile; fileRef = 64FF4FDA1A866CF500239C8A /* LaunchScreen.xib */; };
		64FF4FE81A866CF500239C8A /* Oaxaca_iAdTests.m in Sources */ = {isa = PBXBuildFile; fileRef = 64FF4FE71A866CF500239C8A /* Oaxaca_iAdTests.m */; };
		64FF4FF21A866ECD00239C8A /* iAd.framework in Frameworks */ = {isa = PBXBuildFile; fileRef = 64FF4FF11A866ECD00239C8A /* iAd.framework */; };
/* End PBXBuildFile section */

/* Begin PBXContainerItemProxy section */
		64FF4FE21A866CF500239C8A /* PBXContainerItemProxy */ = {
			isa = PBXContainerItemProxy;
			containerPortal = 64FF4FC01A866CF500239C8A /* Project object */;
			proxyType = 1;
			remoteGlobalIDString = 64FF4FC71A866CF500239C8A;
			remoteInfo = "Oaxaca-iAd";
		};
/* End PBXContainerItemProxy section */

/* Begin PBXFileReference section */
		64FF4FC81A866CF500239C8A /* Oaxaca-iAd.app */ = {isa = PBXFileReference; explicitFileType = wrapper.application; includeInIndex = 0; path = "Oaxaca-iAd.app"; sourceTree = BUILT_PRODUCTS_DIR; };
		64FF4FCC1A866CF500239C8A /* Info.plist */ = {isa = PBXFileReference; lastKnownFileType = text.plist.xml; path = Info.plist; sourceTree = "<group>"; };
		64FF4FCD1A866CF500239C8A /* main.m */ = {isa = PBXFileReference; lastKnownFileType = sourcecode.c.objc; path = main.m; sourceTree = "<group>"; };
		64FF4FCF1A866CF500239C8A /* AppDelegate.h */ = {isa = PBXFileReference; lastKnownFileType = sourcecode.c.h; path = AppDelegate.h; sourceTree = "<group>"; };
		64FF4FD01A866CF500239C8A /* AppDelegate.m */ = {isa = PBXFileReference; lastKnownFileType = sourcecode.c.objc; path = AppDelegate.m; sourceTree = "<group>"; };
		64FF4FD21A866CF500239C8A /* ViewController.h */ = {isa = PBXFileReference; lastKnownFileType = sourcecode.c.h; path = ViewController.h; sourceTree = "<group>"; };
		64FF4FD31A866CF500239C8A /* ViewController.m */ = {isa = PBXFileReference; lastKnownFileType = sourcecode.c.objc; path = ViewController.m; sourceTree = "<group>"; };
		64FF4FD61A866CF500239C8A /* Base */ = {isa = PBXFileReference; lastKnownFileType = file.storyboard; name = Base; path = Base.lproj/Main.storyboard; sourceTree = "<group>"; };
		64FF4FD81A866CF500239C8A /* Images.xcassets */ = {isa = PBXFileReference; lastKnownFileType = folder.assetcatalog; path = Images.xcassets; sourceTree = "<group>"; };
		64FF4FDB1A866CF500239C8A /* Base */ = {isa = PBXFileReference; lastKnownFileType = file.xib; name = Base; path = Base.lproj/LaunchScreen.xib; sourceTree = "<group>"; };
		64FF4FE11A866CF500239C8A /* Oaxaca-iAdTests.xctest */ = {isa = PBXFileReference; explicitFileType = wrapper.cfbundle; includeInIndex = 0; path = "Oaxaca-iAdTests.xctest"; sourceTree = BUILT_PRODUCTS_DIR; };
		64FF4FE61A866CF500239C8A /* Info.plist */ = {isa = PBXFileReference; lastKnownFileType = text.plist.xml; path = Info.plist; sourceTree = "<group>"; };
		64FF4FE71A866CF500239C8A /* Oaxaca_iAdTests.m */ = {isa = PBXFileReference; lastKnownFileType = sourcecode.c.objc; path = Oaxaca_iAdTests.m; sourceTree = "<group>"; };
		64FF4FF11A866ECD00239C8A /* iAd.framework */ = {isa = PBXFileReference; lastKnownFileType = wrapper.framework; name = iAd.framework; path = System/Library/Frameworks/iAd.framework; sourceTree = SDKROOT; };
/* End PBXFileReference section */

/* Begin PBXFrameworksBuildPhase section */
		64FF4FC51A866CF500239C8A /* Frameworks */ = {
			isa = PBXFrameworksBuildPhase;
			buildActionMask = 2147483647;
			files = (
				64FF4FF21A866ECD00239C8A /* iAd.framework in Frameworks */,
			);
			runOnlyForDeploymentPostprocessing = 0;
		};
		64FF4FDE1A866CF500239C8A /* Frameworks */ = {
			isa = PBXFrameworksBuildPhase;
			buildActionMask = 2147483647;
			files = (
			);
			runOnlyForDeploymentPostprocessing = 0;
		};
/* End PBXFrameworksBuildPhase section */

/* Begin PBXGroup section */
		64FF4FBF1A866CF500239C8A = {
			isa = PBXGroup;
			children = (
				64FF4FF11A866ECD00239C8A /* iAd.framework */,
				64FF4FCA1A866CF500239C8A /* Oaxaca-iAd */,
				64FF4FE41A866CF500239C8A /* Oaxaca-iAdTests */,
				64FF4FC91A866CF500239C8A /* Products */,
			);
			sourceTree = "<group>";
		};
		64FF4FC91A866CF500239C8A /* Products */ = {
			isa = PBXGroup;
			children = (
				64FF4FC81A866CF500239C8A /* Oaxaca-iAd.app */,
				64FF4FE11A866CF500239C8A /* Oaxaca-iAdTests.xctest */,
			);
			name = Products;
			sourceTree = "<group>";
		};
		64FF4FCA1A866CF500239C8A /* Oaxaca-iAd */ = {
			isa = PBXGroup;
			children = (
				64FF4FCF1A866CF500239C8A /* AppDelegate.h */,
				64FF4FD01A866CF500239C8A /* AppDelegate.m */,
				64FF4FD21A866CF500239C8A /* ViewController.h */,
				64FF4FD31A866CF500239C8A /* ViewController.m */,
				64FF4FD51A866CF500239C8A /* Main.storyboard */,
				64FF4FD81A866CF500239C8A /* Images.xcassets */,
				64FF4FDA1A866CF500239C8A /* LaunchScreen.xib */,
				64FF4FCB1A866CF500239C8A /* Supporting Files */,
			);
			path = "Oaxaca-iAd";
			sourceTree = "<group>";
		};
		64FF4FCB1A866CF500239C8A /* Supporting Files */ = {
			isa = PBXGroup;
			children = (
				64FF4FCC1A866CF500239C8A /* Info.plist */,
				64FF4FCD1A866CF500239C8A /* main.m */,
			);
			name = "Supporting Files";
			sourceTree = "<group>";
		};
		64FF4FE41A866CF500239C8A /* Oaxaca-iAdTests */ = {
			isa = PBXGroup;
			children = (
				64FF4FE71A866CF500239C8A /* Oaxaca_iAdTests.m */,
				64FF4FE51A866CF500239C8A /* Supporting Files */,
			);
			path = "Oaxaca-iAdTests";
			sourceTree = "<group>";
		};
		64FF4FE51A866CF500239C8A /* Supporting Files */ = {
			isa = PBXGroup;
			children = (
				64FF4FE61A866CF500239C8A /* Info.plist */,
			);
			name = "Supporting Files";
			sourceTree = "<group>";
		};
/* End PBXGroup section */

/* Begin PBXNativeTarget section */
		64FF4FC71A866CF500239C8A /* Oaxaca-iAd */ = {
			isa = PBXNativeTarget;
			buildConfigurationList = 64FF4FEB1A866CF500239C8A /* Build configuration list for PBXNativeTarget "Oaxaca-iAd" */;
			buildPhases = (
				64FF4FC41A866CF500239C8A /* Sources */,
				64FF4FC51A866CF500239C8A /* Frameworks */,
				64FF4FC61A866CF500239C8A /* Resources */,
			);
			buildRules = (
			);
			dependencies = (
			);
			name = "Oaxaca-iAd";
			productName = "Oaxaca-iAd";
			productReference = 64FF4FC81A866CF500239C8A /* Oaxaca-iAd.app */;
			productType = "com.apple.product-type.application";
		};
		64FF4FE01A866CF500239C8A /* Oaxaca-iAdTests */ = {
			isa = PBXNativeTarget;
			buildConfigurationList = 64FF4FEE1A866CF500239C8A /* Build configuration list for PBXNativeTarget "Oaxaca-iAdTests" */;
			buildPhases = (
				64FF4FDD1A866CF500239C8A /* Sources */,
				64FF4FDE1A866CF500239C8A /* Frameworks */,
				64FF4FDF1A866CF500239C8A /* Resources */,
			);
			buildRules = (
			);
			dependencies = (
				64FF4FE31A866CF500239C8A /* PBXTargetDependency */,
			);
			name = "Oaxaca-iAdTests";
			productName = "Oaxaca-iAdTests";
			productReference = 64FF4FE11A866CF500239C8A /* Oaxaca-iAdTests.xctest */;
			productType = "com.apple.product-type.bundle.unit-test";
		};
/* End PBXNativeTarget section */

/* Begin PBXProject section */
		64FF4FC01A866CF500239C8A /* Project object */ = {
			isa = PBXProject;
			attributes = {
				LastUpgradeCheck = 0610;
				ORGANIZATIONNAME = BTICs;
				TargetAttributes = {
					64FF4FC71A866CF500239C8A = {
						CreatedOnToolsVersion = 6.1.1;
					};
					64FF4FE01A866CF500239C8A = {
						CreatedOnToolsVersion = 6.1.1;
						TestTargetID = 64FF4FC71A866CF500239C8A;
					};
				};
			};
			buildConfigurationList = 64FF4FC31A866CF500239C8A /* Build configuration list for PBXProject "Oaxaca-iAd" */;
			compatibilityVersion = "Xcode 3.2";
			developmentRegion = English;
			hasScannedForEncodings = 0;
			knownRegions = (
				en,
				Base,
			);
			mainGroup = 64FF4FBF1A866CF500239C8A;
			productRefGroup = 64FF4FC91A866CF500239C8A /* Products */;
			projectDirPath = "";
			projectRoot = "";
			targets = (
				64FF4FC71A866CF500239C8A /* Oaxaca-iAd */,
				64FF4FE01A866CF500239C8A /* Oaxaca-iAdTests */,
			);
		};
/* End PBXProject section */

/* Begin PBXResourcesBuildPhase section */
		64FF4FC61A866CF500239C8A /* Resources */ = {
			isa = PBXResourcesBuildPhase;
			buildActionMask = 2147483647;
			files = (
				64FF4FD71A866CF500239C8A /* Main.storyboard in Resources */,
				64FF4FDC1A866CF500239C8A /* LaunchScreen.xib in Resources */,
				64FF4FD91A866CF500239C8A /* Images.xcassets in Resources */,
			);
			runOnlyForDeploymentPostprocessing = 0;
		};
		64FF4FDF1A866CF500239C8A /* Resources */ = {
			isa = PBXResourcesBuildPhase;
			buildActionMask = 2147483647;
			files = (
			);
			runOnlyForDeploymentPostprocessing = 0;
		};
/* End PBXResourcesBuildPhase section */

/* Begin PBXSourcesBuildPhase section */
		64FF4FC41A866CF500239C8A /* Sources */ = {
			isa = PBXSourcesBuildPhase;
			buildActionMask = 2147483647;
			files = (
				64FF4FD41A866CF500239C8A /* ViewController.m in Sources */,
				64FF4FD11A866CF500239C8A /* AppDelegate.m in Sources */,
				64FF4FCE1A866CF500239C8A /* main.m in Sources */,
			);
			runOnlyForDeploymentPostprocessing = 0;
		};
		64FF4FDD1A866CF500239C8A /* Sources */ = {
			isa = PBXSourcesBuildPhase;
			buildActionMask = 2147483647;
			files = (
				64FF4FE81A866CF500239C8A /* Oaxaca_iAdTests.m in Sources */,
			);
			runOnlyForDeploymentPostprocessing = 0;
		};
/* End PBXSourcesBuildPhase section */

/* Begin PBXTargetDependency section */
		64FF4FE31A866CF500239C8A /* PBXTargetDependency */ = {
			isa = PBXTargetDependency;
			target = 64FF4FC71A866CF500239C8A /* Oaxaca-iAd */;
			targetProxy = 64FF4FE21A866CF500239C8A /* PBXContainerItemProxy */;
		};
/* End PBXTargetDependency section */

/* Begin PBXVariantGroup section */
		64FF4FD51A866CF500239C8A /* Main.storyboard */ = {
			isa = PBXVariantGroup;
			children = (
				64FF4FD61A866CF500239C8A /* Base */,
			);
			name = Main.storyboard;
			sourceTree = "<group>";
		};
		64FF4FDA1A866CF500239C8A /* LaunchScreen.xib */ = {
			isa = PBXVariantGroup;
			children = (
				64FF4FDB1A866CF500239C8A /* Base */,
			);
			name = LaunchScreen.xib;
			sourceTree = "<group>";
		};
/* End PBXVariantGroup section */

/* Begin XCBuildConfiguration section */
		64FF4FE91A866CF500239C8A /* Debug */ = {
			isa = XCBuildConfiguration;
			buildSettings = {
				ALWAYS_SEARCH_USER_PATHS = NO;
				CLANG_CXX_LANGUAGE_STANDARD = "gnu++0x";
				CLANG_CXX_LIBRARY = "libc++";
				CLANG_ENABLE_MODULES = YES;
				CLANG_ENABLE_OBJC_ARC = YES;
				CLANG_WARN_BOOL_CONVERSION = YES;
				CLANG_WARN_CONSTANT_CONVERSION = YES;
				CLANG_WARN_DIRECT_OBJC_ISA_USAGE = YES_ERROR;
				CLANG_WARN_EMPTY_BODY = YES;
				CLANG_WARN_ENUM_CONVERSION = YES;
				CLANG_WARN_INT_CONVERSION = YES;
				CLANG_WARN_OBJC_ROOT_CLASS = YES_ERROR;
				CLANG_WARN_UNREACHABLE_CODE = YES;
				CLANG_WARN__DUPLICATE_METHOD_MATCH = YES;
				"CODE_SIGN_IDENTITY[sdk=iphoneos*]" = "iPhone Developer";
				COPY_PHASE_STRIP = NO;
				ENABLE_STRICT_OBJC_MSGSEND = YES;
				GCC_C_LANGUAGE_STANDARD = gnu99;
				GCC_DYNAMIC_NO_PIC = NO;
				GCC_OPTIMIZATION_LEVEL = 0;
				GCC_PREPROCESSOR_DEFINITIONS = (
					"DEBUG=1",
					"$(inherited)",
				);
				GCC_SYMBOLS_PRIVATE_EXTERN = NO;
				GCC_WARN_64_TO_32_BIT_CONVERSION = YES;
				GCC_WARN_ABOUT_RETURN_TYPE = YES_ERROR;
				GCC_WARN_UNDECLARED_SELECTOR = YES;
				GCC_WARN_UNINITIALIZED_AUTOS = YES_AGGRESSIVE;
				GCC_WARN_UNUSED_FUNCTION = YES;
				GCC_WARN_UNUSED_VARIABLE = YES;
				IPHONEOS_DEPLOYMENT_TARGET = 8.1;
				MTL_ENABLE_DEBUG_INFO = YES;
				ONLY_ACTIVE_ARCH = YES;
				SDKROOT = iphoneos;
			};
			name = Debug;
		};
		64FF4FEA1A866CF500239C8A /* Release */ = {
			isa = XCBuildConfiguration;
			buildSettings = {
				ALWAYS_SEARCH_USER_PATHS = NO;
				CLANG_CXX_LANGUAGE_STANDARD = "gnu++0x";
				CLANG_CXX_LIBRARY = "libc++";
				CLANG_ENABLE_MODULES = YES;
				CLANG_ENABLE_OBJC_ARC = YES;
				CLANG_WARN_BOOL_CONVERSION = YES;
				CLANG_WARN_CONSTANT_CONVERSION = YES;
				CLANG_WARN_DIRECT_OBJC_ISA_USAGE = YES_ERROR;
				CLANG_WARN_EMPTY_BODY = YES;
				CLANG_WARN_ENUM_CONVERSION = YES;
				CLANG_WARN_INT_CONVERSION = YES;
				CLANG_WARN_OBJC_ROOT_CLASS = YES_ERROR;
				CLANG_WARN_UNREACHABLE_CODE = YES;
				CLANG_WARN__DUPLICATE_METHOD_MATCH = YES;
				"CODE_SIGN_IDENTITY[sdk=iphoneos*]" = "iPhone Developer";
				COPY_PHASE_STRIP = YES;
				ENABLE_NS_ASSERTIONS = NO;
				ENABLE_STRICT_OBJC_MSGSEND = YES;
				GCC_C_LANGUAGE_STANDARD = gnu99;
				GCC_WARN_64_TO_32_BIT_CONVERSION = YES;
				GCC_WARN_ABOUT_RETURN_TYPE = YES_ERROR;
				GCC_WARN_UNDECLARED_SELECTOR = YES;
				GCC_WARN_UNINITIALIZED_AUTOS = YES_AGGRESSIVE;
				GCC_WARN_UNUSED_FUNCTION = YES;
				GCC_WARN_UNUSED_VARIABLE = YES;
				IPHONEOS_DEPLOYMENT_TARGET = 8.1;
				MTL_ENABLE_DEBUG_INFO = NO;
				SDKROOT = iphoneos;
				VALIDATE_PRODUCT = YES;
			};
			name = Release;
		};
		64FF4FEC1A866CF500239C8A /* Debug */ = {
			isa = XCBuildConfiguration;
			buildSettings = {
				ASSETCATALOG_COMPILER_APPICON_NAME = AppIcon;
				INFOPLIST_FILE = "Oaxaca-iAd/Info.plist";
				LD_RUNPATH_SEARCH_PATHS = "$(inherited) @executable_path/Frameworks";
				PRODUCT_NAME = "$(TARGET_NAME)";
			};
			name = Debug;
		};
		64FF4FED1A866CF500239C8A /* Release */ = {
			isa = XCBuildConfiguration;
			buildSettings = {
				ASSETCATALOG_COMPILER_APPICON_NAME = AppIcon;
				INFOPLIST_FILE = "Oaxaca-iAd/Info.plist";
				LD_RUNPATH_SEARCH_PATHS = "$(inherited) @executable_path/Frameworks";
				PRODUCT_NAME = "$(TARGET_NAME)";
			};
			name = Release;
		};
		64FF4FEF1A866CF500239C8A /* Debug */ = {
			isa = XCBuildConfiguration;
			buildSettings = {
				BUNDLE_LOADER = "$(TEST_HOST)";
				FRAMEWORK_SEARCH_PATHS = (
					"$(SDKROOT)/Developer/Library/Frameworks",
					"$(inherited)",
				);
				GCC_PREPROCESSOR_DEFINITIONS = (
					"DEBUG=1",
					"$(inherited)",
				);
				INFOPLIST_FILE = "Oaxaca-iAdTests/Info.plist";
				LD_RUNPATH_SEARCH_PATHS = "$(inherited) @executable_path/Frameworks @loader_path/Frameworks";
				PRODUCT_NAME = "$(TARGET_NAME)";
				TEST_HOST = "$(BUILT_PRODUCTS_DIR)/Oaxaca-iAd.app/Oaxaca-iAd";
			};
			name = Debug;
		};
		64FF4FF01A866CF500239C8A /* Release */ = {
			isa = XCBuildConfiguration;
			buildSettings = {
				BUNDLE_LOADER = "$(TEST_HOST)";
				FRAMEWORK_SEARCH_PATHS = (
					"$(SDKROOT)/Developer/Library/Frameworks",
					"$(inherited)",
				);
				INFOPLIST_FILE = "Oaxaca-iAdTests/Info.plist";
				LD_RUNPATH_SEARCH_PATHS = "$(inherited) @executable_path/Frameworks @loader_path/Frameworks";
				PRODUCT_NAME = "$(TARGET_NAME)";
				TEST_HOST = "$(BUILT_PRODUCTS_DIR)/Oaxaca-iAd.app/Oaxaca-iAd";
			};
			name = Release;
		};
/* End XCBuildConfiguration section */

/* Begin XCConfigurationList section */
		64FF4FC31A866CF500239C8A /* Build configuration list for PBXProject "Oaxaca-iAd" */ = {
			isa = XCConfigurationList;
			buildConfigurations = (
				64FF4FE91A866CF500239C8A /* Debug */,
				64FF4FEA1A866CF500239C8A /* Release */,
			);
			defaultConfigurationIsVisible = 0;
			defaultConfigurationName = Release;
		};
		64FF4FEB1A866CF500239C8A /* Build configuration list for PBXNativeTarget "Oaxaca-iAd" */ = {
			isa = XCConfigurationList;
			buildConfigurations = (
				64FF4FEC1A866CF500239C8A /* Debug */,
				64FF4FED1A866CF500239C8A /* Release */,
			);
			defaultConfigurationIsVisible = 0;
		};
		64FF4FEE1A866CF500239C8A /* Build configuration list for PBXNativeTarget "Oaxaca-iAdTests" */ = {
			isa = XCConfigurationList;
			buildConfigurations = (
				64FF4FEF1A866CF500239C8A /* Debug */,
				64FF4FF01A866CF500239C8A /* Release */,
			);
			defaultConfigurationIsVisible = 0;
		};
/* End XCConfigurationList section */
	};
	rootObject = 64FF4FC01A866CF500239C8A /* Project object */;
}
